
Microsoft Visual Studio Solution File, Format Version 12.00
# Visual Studio Version 17
VisualStudioVersion = 17.3.32929.385
MinimumVisualStudioVersion = 10.0.40219.1
Project("{FAE04EC0-301F-11D3-BF4B-00C04F79EFBC}") = "SACourseworkGroupT", "SACourseworkGroupT\SACourseworkGroupT.csproj", "{2C6E6949-5586-405E-A92C-24EDC4D55C49}"
EndProject
Project("{FAE04EC0-301F-11D3-BF4B-00C04F79EFBC}") = "PrinterUI", "PrinterUI\PrinterUI.csproj", "{C8EDDDF8-1EAF-459F-971B-E3A23C73C690}"
	ProjectSection(ProjectDependencies) = postProject
		{2C6E6949-5586-405E-A92C-24EDC4D55C49} = {2C6E6949-5586-405E-A92C-24EDC4D55C49}
	EndProjectSection
EndProject
Global
	GlobalSection(SolutionConfigurationPlatforms) = preSolution
		Debug|Any CPU = Debug|Any CPU
		Release|Any CPU = Release|Any CPU
	EndGlobalSection
	GlobalSection(ProjectConfigurationPlatforms) = postSolution
		{2C6E6949-5586-405E-A92C-24EDC4D55C49}.Debug|Any CPU.ActiveCfg = Debug|Any CPU
		{2C6E6949-5586-405E-A92C-24EDC4D55C49}.Debug|Any CPU.Build.0 = Debug|Any CPU
		{2C6E6949-5586-405E-A92C-24EDC4D55C49}.Release|Any CPU.ActiveCfg = Release|Any CPU
		{2C6E6949-5586-405E-A92C-24EDC4D55C49}.Release|Any CPU.Build.0 = Release|Any CPU
		{C8EDDDF8-1EAF-459F-971B-E3A23C73C690}.Debug|Any CPU.ActiveCfg = Debug|Any CPU
		{C8EDDDF8-1EAF-459F-971B-E3A23C73C690}.Debug|Any CPU.Build.0 = Debug|Any CPU
		{C8EDDDF8-1EAF-459F-971B-E3A23C73C690}.Release|Any CPU.ActiveCfg = Release|Any CPU
		{C8EDDDF8-1EAF-459F-971B-E3A23C73C690}.Release|Any CPU.Build.0 = Release|Any CPU
	EndGlobalSection
	GlobalSection(SolutionProperties) = preSolution
		HideSolutionNode = FALSE
	EndGlobalSection
	GlobalSection(ExtensibilityGlobals) = postSolution
		SolutionGuid = {E8404E40-8461-4197-90D6-EEDC9FDD56C6}
	EndGlobalSection
EndGlobal
